{
  "nodes": {
    "flake-utils": {
      "locked": {
        "lastModified": 1659877975,
        "narHash": "sha256-zllb8aq3YO3h8B/U0/J1WBgAL8EX5yWf5pMj3G0NAmc=",
        "owner": "numtide",
        "repo": "flake-utils",
        "rev": "c0e246b9b83f637f4681389ecabcb2681b4f3af0",
        "type": "github"
      },
      "original": {
        "owner": "numtide",
        "repo": "flake-utils",
        "type": "github"
      }
    },
    "nixpkgs": {
      "locked": {
        "lastModified": 1668765800,
        "narHash": "sha256-rC40+/W6Hio7b/RsY8SvQPKNx4WqNcTgfYv8cUMAvJk=",
        "owner": "nixos",
        "repo": "nixpkgs",
        "rev": "52b2ac8ae18bbad4374ff0dd5aeee0fdf1aea739",
        "type": "github"
      },
      "original": {
        "owner": "nixos",
        "ref": "nixos-unstable",
        "repo": "nixpkgs",
        "type": "github"
      }
    },
    "root": {
      "inputs": {
        "nixpkgs": "nixpkgs",
        "rustOverlay": "rustOverlay"
      }
    },
    "rustOverlay": {
      "inputs": {
        "flake-utils": "flake-utils",
        "nixpkgs": [
          "nixpkgs"
        ]
      },
      "locked": {
        "lastModified": 1668825399,
        "narHash": "sha256-F2ro05D6tGMwSaOYeIediJq6X0ATD7JgWEG2TgOs9Wo=",
        "owner": "oxalica",
        "repo": "rust-overlay",
        "rev": "a705fe51ef5cdf932ff1cb342f0fe9e5d66f1b71",
        "type": "github"
      },
      "original": {
        "owner": "oxalica",
        "repo": "rust-overlay",
        "type": "github"
      }
    }
  },
  "root": "root",
  "version": 7
}
